
Microsoft Visual Studio Solution File, Format Version 12.00
# Visual Studio Version 16
VisualStudioVersion = 16.0.29318.209
MinimumVisualStudioVersion = 10.0.40219.1
Project("{9A19103F-16F7-4668-BE54-9A1E7A4F7556}") = "NatilleraWebApi", "NatilleraWebApi\NatilleraWebApi.csproj", "{6A45CFA9-2130-4168-940A-4092C9DF71EB}"
EndProject
Project("{2150E333-8FDC-42A3-9474-1A3956D46DE8}") = "1.Layers", "1.Layers", "{50F52A5B-F457-4E29-BE87-FB93F426E9BF}"
EndProject
Project("{2150E333-8FDC-42A3-9474-1A3956D46DE8}") = "1.1 Servicios Distribuidos", "1.1 Servicios Distribuidos", "{7B8BA2E8-F831-4220-A839-270AC3101F68}"
EndProject
Project("{2150E333-8FDC-42A3-9474-1A3956D46DE8}") = "1.4 DataAccess", "1.4 DataAccess", "{669FF82B-3194-4092-99B8-6A3F20AE7A51}"
EndProject
Project("{9A19103F-16F7-4668-BE54-9A1E7A4F7556}") = "Natillera.DataAccess", "Natillera.DataAccess\Natillera.DataAccess.csproj", "{8BA91429-24C8-4152-9096-DE82960548DB}"
EndProject
Project("{9A19103F-16F7-4668-BE54-9A1E7A4F7556}") = "Natillera.DataAccessContract", "Natillera.DataAccessContract\Natillera.DataAccessContract.csproj", "{D63F0C27-1454-4B73-940A-2CD2DF0A578F}"
EndProject
Project("{2150E333-8FDC-42A3-9474-1A3956D46DE8}") = "1.5 CrossCutting", "1.5 CrossCutting", "{81A3EF74-E803-4EAE-97B9-40AC4AAEDE65}"
	ProjectSection(SolutionItems) = preProject
		Ayuda.txt = Ayuda.txt
	EndProjectSection
EndProject
Project("{2150E333-8FDC-42A3-9474-1A3956D46DE8}") = "1.2 Aplication", "1.2 Aplication", "{562E9E35-09CB-4827-AC45-A18084A745FD}"
EndProject
Project("{2150E333-8FDC-42A3-9474-1A3956D46DE8}") = "1.3 Business", "1.3 Business", "{9A269533-60F8-4CD5-869B-1889BCEC2409}"
EndProject
Project("{9A19103F-16F7-4668-BE54-9A1E7A4F7556}") = "Natillera.CrossClothing", "Natillera.CrossClothing\Natillera.CrossClothing.csproj", "{561AB21E-36EE-4D0F-9415-7C4835ACA536}"
EndProject
Project("{9A19103F-16F7-4668-BE54-9A1E7A4F7556}") = "LoggerService", "LoggerService\LoggerService.csproj", "{B90F2ADD-9F2C-4400-9971-B4D16B1CE2E4}"
EndProject
Project("{9A19103F-16F7-4668-BE54-9A1E7A4F7556}") = "Natillera.Aplication", "Natillera.Aplication\Natillera.Aplication.csproj", "{38AAF06C-C951-49E3-8DD5-32212B65CE34}"
EndProject
Project("{9A19103F-16F7-4668-BE54-9A1E7A4F7556}") = "Natillera.AplicationContract", "Natillera.AplicationContract\Natillera.AplicationContract.csproj", "{86D05343-B32F-4CDC-8B44-C9B1DDE55894}"
EndProject
Project("{9A19103F-16F7-4668-BE54-9A1E7A4F7556}") = "Natillera.Business", "Natillera.Business\Natillera.Business.csproj", "{C004CE3D-8F48-49E5-936D-0F5B794D2250}"
EndProject
Global
	GlobalSection(SolutionConfigurationPlatforms) = preSolution
		Debug|Any CPU = Debug|Any CPU
		Release|Any CPU = Release|Any CPU
	EndGlobalSection
	GlobalSection(ProjectConfigurationPlatforms) = postSolution
		{6A45CFA9-2130-4168-940A-4092C9DF71EB}.Debug|Any CPU.ActiveCfg = Debug|Any CPU
		{6A45CFA9-2130-4168-940A-4092C9DF71EB}.Debug|Any CPU.Build.0 = Debug|Any CPU
		{6A45CFA9-2130-4168-940A-4092C9DF71EB}.Release|Any CPU.ActiveCfg = Release|Any CPU
		{6A45CFA9-2130-4168-940A-4092C9DF71EB}.Release|Any CPU.Build.0 = Release|Any CPU
		{8BA91429-24C8-4152-9096-DE82960548DB}.Debug|Any CPU.ActiveCfg = Debug|Any CPU
		{8BA91429-24C8-4152-9096-DE82960548DB}.Debug|Any CPU.Build.0 = Debug|Any CPU
		{8BA91429-24C8-4152-9096-DE82960548DB}.Release|Any CPU.ActiveCfg = Release|Any CPU
		{8BA91429-24C8-4152-9096-DE82960548DB}.Release|Any CPU.Build.0 = Release|Any CPU
		{D63F0C27-1454-4B73-940A-2CD2DF0A578F}.Debug|Any CPU.ActiveCfg = Debug|Any CPU
		{D63F0C27-1454-4B73-940A-2CD2DF0A578F}.Debug|Any CPU.Build.0 = Debug|Any CPU
		{D63F0C27-1454-4B73-940A-2CD2DF0A578F}.Release|Any CPU.ActiveCfg = Release|Any CPU
		{D63F0C27-1454-4B73-940A-2CD2DF0A578F}.Release|Any CPU.Build.0 = Release|Any CPU
		{561AB21E-36EE-4D0F-9415-7C4835ACA536}.Debug|Any CPU.ActiveCfg = Debug|Any CPU
		{561AB21E-36EE-4D0F-9415-7C4835ACA536}.Debug|Any CPU.Build.0 = Debug|Any CPU
		{561AB21E-36EE-4D0F-9415-7C4835ACA536}.Release|Any CPU.ActiveCfg = Release|Any CPU
		{561AB21E-36EE-4D0F-9415-7C4835ACA536}.Release|Any CPU.Build.0 = Release|Any CPU
		{B90F2ADD-9F2C-4400-9971-B4D16B1CE2E4}.Debug|Any CPU.ActiveCfg = Debug|Any CPU
		{B90F2ADD-9F2C-4400-9971-B4D16B1CE2E4}.Debug|Any CPU.Build.0 = Debug|Any CPU
		{B90F2ADD-9F2C-4400-9971-B4D16B1CE2E4}.Release|Any CPU.ActiveCfg = Release|Any CPU
		{B90F2ADD-9F2C-4400-9971-B4D16B1CE2E4}.Release|Any CPU.Build.0 = Release|Any CPU
		{38AAF06C-C951-49E3-8DD5-32212B65CE34}.Debug|Any CPU.ActiveCfg = Debug|Any CPU
		{38AAF06C-C951-49E3-8DD5-32212B65CE34}.Debug|Any CPU.Build.0 = Debug|Any CPU
		{38AAF06C-C951-49E3-8DD5-32212B65CE34}.Release|Any CPU.ActiveCfg = Release|Any CPU
		{38AAF06C-C951-49E3-8DD5-32212B65CE34}.Release|Any CPU.Build.0 = Release|Any CPU
		{86D05343-B32F-4CDC-8B44-C9B1DDE55894}.Debug|Any CPU.ActiveCfg = Debug|Any CPU
		{86D05343-B32F-4CDC-8B44-C9B1DDE55894}.Debug|Any CPU.Build.0 = Debug|Any CPU
		{86D05343-B32F-4CDC-8B44-C9B1DDE55894}.Release|Any CPU.ActiveCfg = Release|Any CPU
		{86D05343-B32F-4CDC-8B44-C9B1DDE55894}.Release|Any CPU.Build.0 = Release|Any CPU
		{C004CE3D-8F48-49E5-936D-0F5B794D2250}.Debug|Any CPU.ActiveCfg = Debug|Any CPU
		{C004CE3D-8F48-49E5-936D-0F5B794D2250}.Debug|Any CPU.Build.0 = Debug|Any CPU
		{C004CE3D-8F48-49E5-936D-0F5B794D2250}.Release|Any CPU.ActiveCfg = Release|Any CPU
		{C004CE3D-8F48-49E5-936D-0F5B794D2250}.Release|Any CPU.Build.0 = Release|Any CPU
	EndGlobalSection
	GlobalSection(SolutionProperties) = preSolution
		HideSolutionNode = FALSE
	EndGlobalSection
	GlobalSection(NestedProjects) = preSolution
		{6A45CFA9-2130-4168-940A-4092C9DF71EB} = {7B8BA2E8-F831-4220-A839-270AC3101F68}
		{7B8BA2E8-F831-4220-A839-270AC3101F68} = {50F52A5B-F457-4E29-BE87-FB93F426E9BF}
		{669FF82B-3194-4092-99B8-6A3F20AE7A51} = {50F52A5B-F457-4E29-BE87-FB93F426E9BF}
		{8BA91429-24C8-4152-9096-DE82960548DB} = {669FF82B-3194-4092-99B8-6A3F20AE7A51}
		{D63F0C27-1454-4B73-940A-2CD2DF0A578F} = {669FF82B-3194-4092-99B8-6A3F20AE7A51}
		{81A3EF74-E803-4EAE-97B9-40AC4AAEDE65} = {50F52A5B-F457-4E29-BE87-FB93F426E9BF}
		{562E9E35-09CB-4827-AC45-A18084A745FD} = {50F52A5B-F457-4E29-BE87-FB93F426E9BF}
		{9A269533-60F8-4CD5-869B-1889BCEC2409} = {50F52A5B-F457-4E29-BE87-FB93F426E9BF}
		{561AB21E-36EE-4D0F-9415-7C4835ACA536} = {81A3EF74-E803-4EAE-97B9-40AC4AAEDE65}
		{B90F2ADD-9F2C-4400-9971-B4D16B1CE2E4} = {81A3EF74-E803-4EAE-97B9-40AC4AAEDE65}
		{38AAF06C-C951-49E3-8DD5-32212B65CE34} = {562E9E35-09CB-4827-AC45-A18084A745FD}
		{86D05343-B32F-4CDC-8B44-C9B1DDE55894} = {562E9E35-09CB-4827-AC45-A18084A745FD}
		{C004CE3D-8F48-49E5-936D-0F5B794D2250} = {9A269533-60F8-4CD5-869B-1889BCEC2409}
	EndGlobalSection
	GlobalSection(ExtensibilityGlobals) = postSolution
		SolutionGuid = {5AAEBB8A-7732-4589-9048-51A7213CCE5A}
	EndGlobalSection
EndGlobal
